
Microsoft Visual Studio Solution File, Format Version 12.00
# Visual Studio Version 17
VisualStudioVersion = 17.11.35312.102
MinimumVisualStudioVersion = 10.0.40219.1
Project("{FAE04EC0-301F-11D3-BF4B-00C04F79EFBC}") = "TodoServerApp", "TodoServerApp\TodoServerApp.csproj", "{F4C41962-5C33-4553-972D-0A25B9538242}"
EndProject
Global
	GlobalSection(SolutionConfigurationPlatforms) = preSolution
		Debug|Any CPU = Debug|Any CPU
		Release|Any CPU = Release|Any CPU
	EndGlobalSection
	GlobalSection(ProjectConfigurationPlatforms) = postSolution
		{F4C41962-5C33-4553-972D-0A25B9538242}.Debug|Any CPU.ActiveCfg = Debug|Any CPU
		{F4C41962-5C33-4553-972D-0A25B9538242}.Debug|Any CPU.Build.0 = Debug|Any CPU
		{F4C41962-5C33-4553-972D-0A25B9538242}.Release|Any CPU.ActiveCfg = Release|Any CPU
		{F4C41962-5C33-4553-972D-0A25B9538242}.Release|Any CPU.Build.0 = Release|Any CPU
	EndGlobalSection
	GlobalSection(SolutionProperties) = preSolution
		HideSolutionNode = FALSE
	EndGlobalSection
	GlobalSection(ExtensibilityGlobals) = postSolution
		SolutionGuid = {60BC7186-B07B-4E87-92BF-8002EB29C1BD}
	EndGlobalSection
EndGlobal
